
Microsoft Visual Studio Solution File, Format Version 10.00
# Visual Studio 2008
# SharpDevelop 3.1.1.5327
Project("{FAE04EC0-301F-11D3-BF4B-00C04F79EFBC}") = "helloworld", "helloworld\helloworld.csproj", "{BF2D3972-5133-427C-8AB9-74C1AD29A6C5}"
EndProject
Global
	GlobalSection(SolutionConfigurationPlatforms) = preSolution
		Debug|Any CPU = Debug|Any CPU
		Release|Any CPU = Release|Any CPU
	EndGlobalSection
	GlobalSection(ProjectConfigurationPlatforms) = postSolution
		{BF2D3972-5133-427C-8AB9-74C1AD29A6C5}.Debug|Any CPU.Build.0 = Debug|Any CPU
		{BF2D3972-5133-427C-8AB9-74C1AD29A6C5}.Debug|Any CPU.ActiveCfg = Debug|Any CPU
		{BF2D3972-5133-427C-8AB9-74C1AD29A6C5}.Release|Any CPU.Build.0 = Release|Any CPU
		{BF2D3972-5133-427C-8AB9-74C1AD29A6C5}.Release|Any CPU.ActiveCfg = Release|Any CPU
	EndGlobalSection
EndGlobal
